
Microsoft Visual Studio Solution File, Format Version 12.00
# Visual Studio Version 17
VisualStudioVersion = 17.14.36414.22 d17.14
MinimumVisualStudioVersion = 10.0.40219.1
Project("{FAE04EC0-301F-11D3-BF4B-00C04F79EFBC}") = "ContactsWeb", "ContactsWeb\ContactsWeb.csproj", "{07FF73B5-0DC1-4B69-BD0E-CFFD6472C63F}"
EndProject
Global
	GlobalSection(SolutionConfigurationPlatforms) = preSolution
		Debug|Any CPU = Debug|Any CPU
		Release|Any CPU = Release|Any CPU
	EndGlobalSection
	GlobalSection(ProjectConfigurationPlatforms) = postSolution
		{07FF73B5-0DC1-4B69-BD0E-CFFD6472C63F}.Debug|Any CPU.ActiveCfg = Debug|Any CPU
		{07FF73B5-0DC1-4B69-BD0E-CFFD6472C63F}.Debug|Any CPU.Build.0 = Debug|Any CPU
		{07FF73B5-0DC1-4B69-BD0E-CFFD6472C63F}.Release|Any CPU.ActiveCfg = Release|Any CPU
		{07FF73B5-0DC1-4B69-BD0E-CFFD6472C63F}.Release|Any CPU.Build.0 = Release|Any CPU
	EndGlobalSection
	GlobalSection(SolutionProperties) = preSolution
		HideSolutionNode = FALSE
	EndGlobalSection
	GlobalSection(ExtensibilityGlobals) = postSolution
		SolutionGuid = {7866C8BE-5866-42B2-8B77-737F65C6B348}
	EndGlobalSection
EndGlobal
